Microsoft Visual Studio Solution File, Format Version 8.00
Project("{8BC9CEB8-8B4A-11D0-8D11-00A0C91BC942}") = "engine", "engine\engine.vcproj", "{1CCF897B-2194-4646-9F09-C307664F6193}"
	ProjectSection(ProjectDependencies) = postProject
	EndProjectSection
EndProject
Project("{8BC9CEB8-8B4A-11D0-8D11-00A0C91BC942}") = "client", "client\client.vcproj", "{49D400AC-8D6D-4866-84A7-B38389E035E3}"
	ProjectSection(ProjectDependencies) = postProject
		{1CCF897B-2194-4646-9F09-C307664F6193} = {1CCF897B-2194-4646-9F09-C307664F6193}
	EndProjectSection
EndProject
Global
	GlobalSection(SolutionConfiguration) = preSolution
		Debug = Debug
		Release = Release
	EndGlobalSection
	GlobalSection(ProjectConfiguration) = postSolution
		{1CCF897B-2194-4646-9F09-C307664F6193}.Debug.ActiveCfg = Debug|Win32
		{1CCF897B-2194-4646-9F09-C307664F6193}.Debug.Build.0 = Debug|Win32
		{1CCF897B-2194-4646-9F09-C307664F6193}.Release.ActiveCfg = Release|Win32
		{1CCF897B-2194-4646-9F09-C307664F6193}.Release.Build.0 = Release|Win32
		{49D400AC-8D6D-4866-84A7-B38389E035E3}.Debug.ActiveCfg = Debug|Win32
		{49D400AC-8D6D-4866-84A7-B38389E035E3}.Debug.Build.0 = Debug|Win32
		{49D400AC-8D6D-4866-84A7-B38389E035E3}.Release.ActiveCfg = Release|Win32
		{49D400AC-8D6D-4866-84A7-B38389E035E3}.Release.Build.0 = Release|Win32
	EndGlobalSection
	GlobalSection(ExtensibilityGlobals) = postSolution
	EndGlobalSection
	GlobalSection(ExtensibilityAddIns) = postSolution
	EndGlobalSection
EndGlobal
