Microsoft Visual Studio Solution File, Format Version 11.00
# Visual Studio 2010
Project("{8BC9CEB8-8B4A-11D0-8D11-00A0C91BC942}") = "Util", "NetTarget\Util\Util.vcxproj", "{402CDE5A-4540-4DFE-A4E0-6950C0F2CA57}"
EndProject
Project("{8BC9CEB8-8B4A-11D0-8D11-00A0C91BC942}") = "MazeCompiler", "NetTarget\MazeCompiler\MazeCompiler.vcxproj", "{BE113900-CEB8-4289-91A9-930B145BF0E8}"
EndProject
Project("{8BC9CEB8-8B4A-11D0-8D11-00A0C91BC942}") = "Model", "NetTarget\Model\Model.vcxproj", "{C0254587-DA7D-4338-9ECB-B614B05E5E1A}"
EndProject
Project("{8BC9CEB8-8B4A-11D0-8D11-00A0C91BC942}") = "ObjFac1", "NetTarget\ObjFac1\ObjFac1.vcxproj", "{8BE4FCF2-13E7-4F11-8EBE-4C46F2E7BF8A}"
EndProject
Project("{8BC9CEB8-8B4A-11D0-8D11-00A0C91BC942}") = "MainCharacter", "NetTarget\MainCharacter\MainCharacter.vcxproj", "{A55BC265-CFB8-46A7-958B-D3A48D9477A0}"
EndProject
Project("{8BC9CEB8-8B4A-11D0-8D11-00A0C91BC942}") = "VideoServices", "NetTarget\VideoServices\VideoServices.vcxproj", "{158869E8-53E8-4DC1-B41F-B1C996211E2B}"
EndProject
Project("{8BC9CEB8-8B4A-11D0-8D11-00A0C91BC942}") = "Game2", "NetTarget\Game2\Game2.vcxproj", "{CDE9F9FA-DD28-46A6-811E-EFA85A111289}"
EndProject
Project("{8BC9CEB8-8B4A-11D0-8D11-00A0C91BC942}") = "PaletteCreator", "NetTarget\PaletteCreator\PaletteCreator.vcxproj", "{A1D799D7-76E9-4760-88FD-13CE6B257017}"
EndProject
Project("{8BC9CEB8-8B4A-11D0-8D11-00A0C91BC942}") = "ColorTools", "NetTarget\ColorTools\ColorTools.vcxproj", "{F589CA0C-83C4-4F07-A3C7-F1684DF88369}"
EndProject
Project("{8BC9CEB8-8B4A-11D0-8D11-00A0C91BC942}") = "ObjFacTools", "NetTarget\ObjFacTools\ObjFacTools.vcxproj", "{9A391771-FAFF-4D9D-9F6A-8AD3A9F73CA3}"
EndProject
Project("{8BC9CEB8-8B4A-11D0-8D11-00A0C91BC942}") = "ResourceCompiler", "NetTarget\ResourceCompiler\ResourceCompiler.vcxproj", "{DDC913AD-31C6-481A-BD31-3949CBF06FE3}"
EndProject
Global
	GlobalSection(SolutionConfigurationPlatforms) = preSolution
		Debug|Win32 = Debug|Win32
		Release|Win32 = Release|Win32
	EndGlobalSection
	GlobalSection(ProjectConfigurationPlatforms) = postSolution
		{402CDE5A-4540-4DFE-A4E0-6950C0F2CA57}.Debug|Win32.ActiveCfg = Debug|Win32
		{402CDE5A-4540-4DFE-A4E0-6950C0F2CA57}.Debug|Win32.Build.0 = Debug|Win32
		{402CDE5A-4540-4DFE-A4E0-6950C0F2CA57}.Release|Win32.ActiveCfg = Release|Win32
		{402CDE5A-4540-4DFE-A4E0-6950C0F2CA57}.Release|Win32.Build.0 = Release|Win32
		{BE113900-CEB8-4289-91A9-930B145BF0E8}.Debug|Win32.ActiveCfg = Debug|Win32
		{BE113900-CEB8-4289-91A9-930B145BF0E8}.Debug|Win32.Build.0 = Debug|Win32
		{BE113900-CEB8-4289-91A9-930B145BF0E8}.Release|Win32.ActiveCfg = Release|Win32
		{BE113900-CEB8-4289-91A9-930B145BF0E8}.Release|Win32.Build.0 = Release|Win32
		{C0254587-DA7D-4338-9ECB-B614B05E5E1A}.Debug|Win32.ActiveCfg = Debug|Win32
		{C0254587-DA7D-4338-9ECB-B614B05E5E1A}.Debug|Win32.Build.0 = Debug|Win32
		{C0254587-DA7D-4338-9ECB-B614B05E5E1A}.Release|Win32.ActiveCfg = Release|Win32
		{C0254587-DA7D-4338-9ECB-B614B05E5E1A}.Release|Win32.Build.0 = Release|Win32
		{8BE4FCF2-13E7-4F11-8EBE-4C46F2E7BF8A}.Debug|Win32.ActiveCfg = Debug|Win32
		{8BE4FCF2-13E7-4F11-8EBE-4C46F2E7BF8A}.Debug|Win32.Build.0 = Debug|Win32
		{8BE4FCF2-13E7-4F11-8EBE-4C46F2E7BF8A}.Release|Win32.ActiveCfg = Release|Win32
		{8BE4FCF2-13E7-4F11-8EBE-4C46F2E7BF8A}.Release|Win32.Build.0 = Release|Win32
		{A55BC265-CFB8-46A7-958B-D3A48D9477A0}.Debug|Win32.ActiveCfg = Debug|Win32
		{A55BC265-CFB8-46A7-958B-D3A48D9477A0}.Debug|Win32.Build.0 = Debug|Win32
		{A55BC265-CFB8-46A7-958B-D3A48D9477A0}.Release|Win32.ActiveCfg = Release|Win32
		{A55BC265-CFB8-46A7-958B-D3A48D9477A0}.Release|Win32.Build.0 = Release|Win32
		{158869E8-53E8-4DC1-B41F-B1C996211E2B}.Debug|Win32.ActiveCfg = Debug|Win32
		{158869E8-53E8-4DC1-B41F-B1C996211E2B}.Debug|Win32.Build.0 = Debug|Win32
		{158869E8-53E8-4DC1-B41F-B1C996211E2B}.Release|Win32.ActiveCfg = Release|Win32
		{158869E8-53E8-4DC1-B41F-B1C996211E2B}.Release|Win32.Build.0 = Release|Win32
		{CDE9F9FA-DD28-46A6-811E-EFA85A111289}.Debug|Win32.ActiveCfg = Debug|Win32
		{CDE9F9FA-DD28-46A6-811E-EFA85A111289}.Debug|Win32.Build.0 = Debug|Win32
		{CDE9F9FA-DD28-46A6-811E-EFA85A111289}.Release|Win32.ActiveCfg = Release|Win32
		{CDE9F9FA-DD28-46A6-811E-EFA85A111289}.Release|Win32.Build.0 = Release|Win32
		{A1D799D7-76E9-4760-88FD-13CE6B257017}.Debug|Win32.ActiveCfg = Debug|Win32
		{A1D799D7-76E9-4760-88FD-13CE6B257017}.Debug|Win32.Build.0 = Debug|Win32
		{A1D799D7-76E9-4760-88FD-13CE6B257017}.Release|Win32.ActiveCfg = Release|Win32
		{A1D799D7-76E9-4760-88FD-13CE6B257017}.Release|Win32.Build.0 = Release|Win32
		{F589CA0C-83C4-4F07-A3C7-F1684DF88369}.Debug|Win32.ActiveCfg = Debug|Win32
		{F589CA0C-83C4-4F07-A3C7-F1684DF88369}.Debug|Win32.Build.0 = Debug|Win32
		{F589CA0C-83C4-4F07-A3C7-F1684DF88369}.Release|Win32.ActiveCfg = Release|Win32
		{F589CA0C-83C4-4F07-A3C7-F1684DF88369}.Release|Win32.Build.0 = Release|Win32
		{9A391771-FAFF-4D9D-9F6A-8AD3A9F73CA3}.Debug|Win32.ActiveCfg = Debug|Win32
		{9A391771-FAFF-4D9D-9F6A-8AD3A9F73CA3}.Debug|Win32.Build.0 = Debug|Win32
		{9A391771-FAFF-4D9D-9F6A-8AD3A9F73CA3}.Release|Win32.ActiveCfg = Release|Win32
		{9A391771-FAFF-4D9D-9F6A-8AD3A9F73CA3}.Release|Win32.Build.0 = Release|Win32
		{DDC913AD-31C6-481A-BD31-3949CBF06FE3}.Debug|Win32.ActiveCfg = Debug|Win32
		{DDC913AD-31C6-481A-BD31-3949CBF06FE3}.Debug|Win32.Build.0 = Debug|Win32
		{DDC913AD-31C6-481A-BD31-3949CBF06FE3}.Release|Win32.ActiveCfg = Release|Win32
		{DDC913AD-31C6-481A-BD31-3949CBF06FE3}.Release|Win32.Build.0 = Release|Win32
	EndGlobalSection
	GlobalSection(SolutionProperties) = preSolution
		HideSolutionNode = FALSE
	EndGlobalSection
EndGlobal
