Microsoft Visual Studio Solution File, Format Version 8.00
Project("{8BC9CEB8-8B4A-11D0-8D11-00A0C91BC942}") = "Util", "NetTarget\Util\Util.vcproj", "{402CDE5A-4540-4DFE-A4E0-6950C0F2CA57}"
	ProjectSection(ProjectDependencies) = postProject
	EndProjectSection
EndProject
Project("{8BC9CEB8-8B4A-11D0-8D11-00A0C91BC942}") = "MazeCompiler", "NetTarget\MazeCompiler\MazeCompiler.vcproj", "{BE113900-CEB8-4289-91A9-930B145BF0E8}"
	ProjectSection(ProjectDependencies) = postProject
		{402CDE5A-4540-4DFE-A4E0-6950C0F2CA57} = {402CDE5A-4540-4DFE-A4E0-6950C0F2CA57}
		{C0254587-DA7D-4338-9ECB-B614B05E5E1A} = {C0254587-DA7D-4338-9ECB-B614B05E5E1A}
		{158869E8-53E8-4DC1-B41F-B1C996211E2B} = {158869E8-53E8-4DC1-B41F-B1C996211E2B}
	EndProjectSection
EndProject
Project("{8BC9CEB8-8B4A-11D0-8D11-00A0C91BC942}") = "Model", "NetTarget\Model\Model.vcproj", "{C0254587-DA7D-4338-9ECB-B614B05E5E1A}"
	ProjectSection(ProjectDependencies) = postProject
		{402CDE5A-4540-4DFE-A4E0-6950C0F2CA57} = {402CDE5A-4540-4DFE-A4E0-6950C0F2CA57}
	EndProjectSection
EndProject
Project("{8BC9CEB8-8B4A-11D0-8D11-00A0C91BC942}") = "ObjFac1", "NetTarget\ObjFac1\ObjFac1.vcproj", "{8BE4FCF2-13E7-4F11-8EBE-4C46F2E7BF8A}"
	ProjectSection(ProjectDependencies) = postProject
		{402CDE5A-4540-4DFE-A4E0-6950C0F2CA57} = {402CDE5A-4540-4DFE-A4E0-6950C0F2CA57}
		{A55BC265-CFB8-46A7-958B-D3A48D9477A0} = {A55BC265-CFB8-46A7-958B-D3A48D9477A0}
		{9A391771-FAFF-4D9D-9F6A-8AD3A9F73CA3} = {9A391771-FAFF-4D9D-9F6A-8AD3A9F73CA3}
		{C0254587-DA7D-4338-9ECB-B614B05E5E1A} = {C0254587-DA7D-4338-9ECB-B614B05E5E1A}
		{158869E8-53E8-4DC1-B41F-B1C996211E2B} = {158869E8-53E8-4DC1-B41F-B1C996211E2B}
	EndProjectSection
EndProject
Project("{8BC9CEB8-8B4A-11D0-8D11-00A0C91BC942}") = "GameServer", "NetTarget\GameServer\GameServer.vcproj", "{6A42E7B2-9D5C-43A9-AE14-1BD6727D9A04}"
	ProjectSection(ProjectDependencies) = postProject
	EndProjectSection
EndProject
Project("{8BC9CEB8-8B4A-11D0-8D11-00A0C91BC942}") = "MainCharacter", "NetTarget\MainCharacter\MainCharacter.vcproj", "{A55BC265-CFB8-46A7-958B-D3A48D9477A0}"
	ProjectSection(ProjectDependencies) = postProject
		{402CDE5A-4540-4DFE-A4E0-6950C0F2CA57} = {402CDE5A-4540-4DFE-A4E0-6950C0F2CA57}
		{C0254587-DA7D-4338-9ECB-B614B05E5E1A} = {C0254587-DA7D-4338-9ECB-B614B05E5E1A}
		{158869E8-53E8-4DC1-B41F-B1C996211E2B} = {158869E8-53E8-4DC1-B41F-B1C996211E2B}
	EndProjectSection
EndProject
Project("{8BC9CEB8-8B4A-11D0-8D11-00A0C91BC942}") = "VideoServices", "NetTarget\VideoServices\VideoServices.vcproj", "{158869E8-53E8-4DC1-B41F-B1C996211E2B}"
	ProjectSection(ProjectDependencies) = postProject
		{402CDE5A-4540-4DFE-A4E0-6950C0F2CA57} = {402CDE5A-4540-4DFE-A4E0-6950C0F2CA57}
	EndProjectSection
EndProject
Project("{8BC9CEB8-8B4A-11D0-8D11-00A0C91BC942}") = "Game2", "NetTarget\Game2\Game2.vcproj", "{CDE9F9FA-DD28-46A6-811E-EFA85A111289}"
	ProjectSection(ProjectDependencies) = postProject
		{402CDE5A-4540-4DFE-A4E0-6950C0F2CA57} = {402CDE5A-4540-4DFE-A4E0-6950C0F2CA57}
		{A55BC265-CFB8-46A7-958B-D3A48D9477A0} = {A55BC265-CFB8-46A7-958B-D3A48D9477A0}
		{9A391771-FAFF-4D9D-9F6A-8AD3A9F73CA3} = {9A391771-FAFF-4D9D-9F6A-8AD3A9F73CA3}
		{C0254587-DA7D-4338-9ECB-B614B05E5E1A} = {C0254587-DA7D-4338-9ECB-B614B05E5E1A}
		{158869E8-53E8-4DC1-B41F-B1C996211E2B} = {158869E8-53E8-4DC1-B41F-B1C996211E2B}
	EndProjectSection
EndProject
Project("{8BC9CEB8-8B4A-11D0-8D11-00A0C91BC942}") = "PaletteCreator", "NetTarget\PaletteCreator\PaletteCreator.vcproj", "{A1D799D7-76E9-4760-88FD-13CE6B257017}"
	ProjectSection(ProjectDependencies) = postProject
		{F589CA0C-83C4-4F07-A3C7-F1684DF88369} = {F589CA0C-83C4-4F07-A3C7-F1684DF88369}
		{402CDE5A-4540-4DFE-A4E0-6950C0F2CA57} = {402CDE5A-4540-4DFE-A4E0-6950C0F2CA57}
	EndProjectSection
EndProject
Project("{8BC9CEB8-8B4A-11D0-8D11-00A0C91BC942}") = "ColorTools", "NetTarget\ColorTools\ColorTools.vcproj", "{F589CA0C-83C4-4F07-A3C7-F1684DF88369}"
	ProjectSection(ProjectDependencies) = postProject
	EndProjectSection
EndProject
Project("{8BC9CEB8-8B4A-11D0-8D11-00A0C91BC942}") = "ObjFacTools", "NetTarget\ObjFacTools\ObjFacTools.vcproj", "{9A391771-FAFF-4D9D-9F6A-8AD3A9F73CA3}"
	ProjectSection(ProjectDependencies) = postProject
		{402CDE5A-4540-4DFE-A4E0-6950C0F2CA57} = {402CDE5A-4540-4DFE-A4E0-6950C0F2CA57}
		{C0254587-DA7D-4338-9ECB-B614B05E5E1A} = {C0254587-DA7D-4338-9ECB-B614B05E5E1A}
		{158869E8-53E8-4DC1-B41F-B1C996211E2B} = {158869E8-53E8-4DC1-B41F-B1C996211E2B}
	EndProjectSection
EndProject
Project("{8BC9CEB8-8B4A-11D0-8D11-00A0C91BC942}") = "ResourceCompiler", "NetTarget\ResourceCompiler\ResourceCompiler.vcproj", "{DDC913AD-31C6-481A-BD31-3949CBF06FE3}"
	ProjectSection(ProjectDependencies) = postProject
		{F589CA0C-83C4-4F07-A3C7-F1684DF88369} = {F589CA0C-83C4-4F07-A3C7-F1684DF88369}
		{402CDE5A-4540-4DFE-A4E0-6950C0F2CA57} = {402CDE5A-4540-4DFE-A4E0-6950C0F2CA57}
		{9A391771-FAFF-4D9D-9F6A-8AD3A9F73CA3} = {9A391771-FAFF-4D9D-9F6A-8AD3A9F73CA3}
		{C0254587-DA7D-4338-9ECB-B614B05E5E1A} = {C0254587-DA7D-4338-9ECB-B614B05E5E1A}
		{158869E8-53E8-4DC1-B41F-B1C996211E2B} = {158869E8-53E8-4DC1-B41F-B1C996211E2B}
	EndProjectSection
EndProject
Project("{8BC9CEB8-8B4A-11D0-8D11-00A0C91BC942}") = "FireBall", "NetTarget\NetTarget.vcproj", "{2FC6949D-2681-4423-8CB9-F98D6F2B33EE}"
	ProjectSection(ProjectDependencies) = postProject
		{DDC913AD-31C6-481A-BD31-3949CBF06FE3} = {DDC913AD-31C6-481A-BD31-3949CBF06FE3}
	EndProjectSection
EndProject
Global
	GlobalSection(SolutionConfiguration) = preSolution
		Debug = Debug
		Release = Release
	EndGlobalSection
	GlobalSection(ProjectDependencies) = postSolution
	EndGlobalSection
	GlobalSection(ProjectConfiguration) = postSolution
		{402CDE5A-4540-4DFE-A4E0-6950C0F2CA57}.Debug.ActiveCfg = Debug|Win32
		{402CDE5A-4540-4DFE-A4E0-6950C0F2CA57}.Debug.Build.0 = Debug|Win32
		{402CDE5A-4540-4DFE-A4E0-6950C0F2CA57}.Release.ActiveCfg = Release|Win32
		{402CDE5A-4540-4DFE-A4E0-6950C0F2CA57}.Release.Build.0 = Release|Win32
		{BE113900-CEB8-4289-91A9-930B145BF0E8}.Debug.ActiveCfg = Debug|Win32
		{BE113900-CEB8-4289-91A9-930B145BF0E8}.Debug.Build.0 = Debug|Win32
		{BE113900-CEB8-4289-91A9-930B145BF0E8}.Release.ActiveCfg = Release|Win32
		{BE113900-CEB8-4289-91A9-930B145BF0E8}.Release.Build.0 = Release|Win32
		{C0254587-DA7D-4338-9ECB-B614B05E5E1A}.Debug.ActiveCfg = Debug|Win32
		{C0254587-DA7D-4338-9ECB-B614B05E5E1A}.Debug.Build.0 = Debug|Win32
		{C0254587-DA7D-4338-9ECB-B614B05E5E1A}.Release.ActiveCfg = Release|Win32
		{C0254587-DA7D-4338-9ECB-B614B05E5E1A}.Release.Build.0 = Release|Win32
		{8BE4FCF2-13E7-4F11-8EBE-4C46F2E7BF8A}.Debug.ActiveCfg = Debug|Win32
		{8BE4FCF2-13E7-4F11-8EBE-4C46F2E7BF8A}.Release.ActiveCfg = Release|Win32
		{6A42E7B2-9D5C-43A9-AE14-1BD6727D9A04}.Debug.ActiveCfg = Debug|Win32
		{6A42E7B2-9D5C-43A9-AE14-1BD6727D9A04}.Debug.Build.0 = Debug|Win32
		{6A42E7B2-9D5C-43A9-AE14-1BD6727D9A04}.Release.ActiveCfg = Release|Win32
		{6A42E7B2-9D5C-43A9-AE14-1BD6727D9A04}.Release.Build.0 = Release|Win32
		{A55BC265-CFB8-46A7-958B-D3A48D9477A0}.Debug.ActiveCfg = Debug|Win32
		{A55BC265-CFB8-46A7-958B-D3A48D9477A0}.Debug.Build.0 = Debug|Win32
		{A55BC265-CFB8-46A7-958B-D3A48D9477A0}.Release.ActiveCfg = Release|Win32
		{A55BC265-CFB8-46A7-958B-D3A48D9477A0}.Release.Build.0 = Release|Win32
		{158869E8-53E8-4DC1-B41F-B1C996211E2B}.Debug.ActiveCfg = Debug|Win32
		{158869E8-53E8-4DC1-B41F-B1C996211E2B}.Debug.Build.0 = Debug|Win32
		{158869E8-53E8-4DC1-B41F-B1C996211E2B}.Release.ActiveCfg = Release|Win32
		{158869E8-53E8-4DC1-B41F-B1C996211E2B}.Release.Build.0 = Release|Win32
		{CDE9F9FA-DD28-46A6-811E-EFA85A111289}.Debug.ActiveCfg = Debug|Win32
		{CDE9F9FA-DD28-46A6-811E-EFA85A111289}.Debug.Build.0 = Debug|Win32
		{CDE9F9FA-DD28-46A6-811E-EFA85A111289}.Release.ActiveCfg = Release|Win32
		{CDE9F9FA-DD28-46A6-811E-EFA85A111289}.Release.Build.0 = Release|Win32
		{A1D799D7-76E9-4760-88FD-13CE6B257017}.Debug.ActiveCfg = Debug|Win32
		{A1D799D7-76E9-4760-88FD-13CE6B257017}.Debug.Build.0 = Debug|Win32
		{A1D799D7-76E9-4760-88FD-13CE6B257017}.Release.ActiveCfg = Release|Win32
		{A1D799D7-76E9-4760-88FD-13CE6B257017}.Release.Build.0 = Release|Win32
		{F589CA0C-83C4-4F07-A3C7-F1684DF88369}.Debug.ActiveCfg = Debug|Win32
		{F589CA0C-83C4-4F07-A3C7-F1684DF88369}.Debug.Build.0 = Debug|Win32
		{F589CA0C-83C4-4F07-A3C7-F1684DF88369}.Release.ActiveCfg = Release|Win32
		{F589CA0C-83C4-4F07-A3C7-F1684DF88369}.Release.Build.0 = Release|Win32
		{9A391771-FAFF-4D9D-9F6A-8AD3A9F73CA3}.Debug.ActiveCfg = Debug|Win32
		{9A391771-FAFF-4D9D-9F6A-8AD3A9F73CA3}.Debug.Build.0 = Debug|Win32
		{9A391771-FAFF-4D9D-9F6A-8AD3A9F73CA3}.Release.ActiveCfg = Release|Win32
		{9A391771-FAFF-4D9D-9F6A-8AD3A9F73CA3}.Release.Build.0 = Release|Win32
		{DDC913AD-31C6-481A-BD31-3949CBF06FE3}.Debug.ActiveCfg = Debug|Win32
		{DDC913AD-31C6-481A-BD31-3949CBF06FE3}.Debug.Build.0 = Debug|Win32
		{DDC913AD-31C6-481A-BD31-3949CBF06FE3}.Release.ActiveCfg = Release|Win32
		{DDC913AD-31C6-481A-BD31-3949CBF06FE3}.Release.Build.0 = Release|Win32
		{2FC6949D-2681-4423-8CB9-F98D6F2B33EE}.Debug.ActiveCfg = Debug|Win32
		{2FC6949D-2681-4423-8CB9-F98D6F2B33EE}.Debug.Build.0 = Debug|Win32
		{2FC6949D-2681-4423-8CB9-F98D6F2B33EE}.Release.ActiveCfg = Release|Win32
		{2FC6949D-2681-4423-8CB9-F98D6F2B33EE}.Release.Build.0 = Release|Win32
	EndGlobalSection
	GlobalSection(ExtensibilityGlobals) = postSolution
	EndGlobalSection
	GlobalSection(ExtensibilityAddIns) = postSolution
	EndGlobalSection
EndGlobal
