<?xml version="1.0" encoding="utf-8"?>
<Project ToolsVersion="4.0" xmlns="http://schemas.microsoft.com/developer/msbuild/2003">
  <ItemGroup>
    <Filter Include="Source Files">
      <UniqueIdentifier>{eed7de8c-f0ec-46af-83c9-42f37d079a2c}</UniqueIdentifier>
      <Extensions>cpp;c;cxx;rc;def;r;odl;hpj;bat;for;f90</Extensions>
    </Filter>
    <Filter Include="Header Files">
      <UniqueIdentifier>{1b5b89a4-dbe2-4b1d-b6b5-5a758640a85f}</UniqueIdentifier>
    </Filter>
  </ItemGroup>
  <ItemGroup>
    <ClCompile Include="BitmapSurface.cpp">
      <Filter>Source Files</Filter>
    </ClCompile>
    <ClCompile Include="FreeElementBase.cpp">
      <Filter>Source Files</Filter>
    </ClCompile>
    <ClCompile Include="FreeElementBaseRenderer.cpp">
      <Filter>Source Files</Filter>
    </ClCompile>
    <ClCompile Include="ObjectFactoryData.cpp">
      <Filter>Source Files</Filter>
    </ClCompile>
    <ClCompile Include="ResActor.cpp">
      <Filter>Source Files</Filter>
    </ClCompile>
    <ClCompile Include="ResBitmap.cpp">
      <Filter>Source Files</Filter>
    </ClCompile>
    <ClCompile Include="ResourceLib.cpp">
      <Filter>Source Files</Filter>
    </ClCompile>
    <ClCompile Include="ResSound.cpp">
      <Filter>Source Files</Filter>
    </ClCompile>
    <ClCompile Include="ResSprite.cpp">
      <Filter>Source Files</Filter>
    </ClCompile>
    <ClCompile Include="SpriteHandle.cpp">
      <Filter>Source Files</Filter>
    </ClCompile>
    <ClCompile Include="StdAfx.cpp">
      <Filter>Source Files</Filter>
    </ClCompile>
  </ItemGroup>
  <ItemGroup>
    <ClInclude Include="BitmapSurface.h">
      <Filter>Header Files</Filter>
    </ClInclude>
    <ClInclude Include="FreeElementBase.h">
      <Filter>Header Files</Filter>
    </ClInclude>
    <ClInclude Include="FreeElementBaseRenderer.h">
      <Filter>Header Files</Filter>
    </ClInclude>
    <ClInclude Include="MovementSpec.h">
      <Filter>Header Files</Filter>
    </ClInclude>
    <ClInclude Include="ObjectFactoryData.h">
      <Filter>Header Files</Filter>
    </ClInclude>
    <ClInclude Include="ResActor.h">
      <Filter>Header Files</Filter>
    </ClInclude>
    <ClInclude Include="ResBitmap.h">
      <Filter>Header Files</Filter>
    </ClInclude>
    <ClInclude Include="ResourceLib.h">
      <Filter>Header Files</Filter>
    </ClInclude>
    <ClInclude Include="ResSound.h">
      <Filter>Header Files</Filter>
    </ClInclude>
    <ClInclude Include="ResSprite.h">
      <Filter>Header Files</Filter>
    </ClInclude>
    <ClInclude Include="SpriteHandle.h">
      <Filter>Header Files</Filter>
    </ClInclude>
    <ClInclude Include="StdAfx.h">
      <Filter>Header Files</Filter>
    </ClInclude>
  </ItemGroup>
</Project>