<?xml version="1.0" encoding="utf-8"?>
<Project ToolsVersion="4.0" xmlns="http://schemas.microsoft.com/developer/msbuild/2003">
  <ItemGroup>
    <Filter Include="Source Files">
      <UniqueIdentifier>{7d827e15-1abd-40eb-968e-a1c71e27faaf}</UniqueIdentifier>
      <Extensions>cpp;c;cxx;rc;def;r;odl;hpj;bat;for;f90</Extensions>
    </Filter>
    <Filter Include="Header Files">
      <UniqueIdentifier>{d300e917-fdcb-4a7f-8e7c-8b7539104887}</UniqueIdentifier>
    </Filter>
    <Filter Include="Dist">
      <UniqueIdentifier>{c4d96dc3-962b-435e-891d-a7468c9f1535}</UniqueIdentifier>
    </Filter>
  </ItemGroup>
  <ItemGroup>
    <ClCompile Include="Banner.cpp">
      <Filter>Source Files</Filter>
    </ClCompile>
    <ClCompile Include="ClientSession.cpp">
      <Filter>Source Files</Filter>
    </ClCompile>
    <ClCompile Include="CommonDialog.cpp">
      <Filter>Source Files</Filter>
    </ClCompile>
    <ClCompile Include="GameApp.cpp">
      <Filter>Source Files</Filter>
    </ClCompile>
    <ClCompile Include="InternetRoom.cpp">
      <Filter>Source Files</Filter>
    </ClCompile>
    <ClCompile Include="main.cpp">
      <Filter>Source Files</Filter>
    </ClCompile>
    <ClCompile Include="MatchReport.cpp">
      <Filter>Source Files</Filter>
    </ClCompile>
    <ClCompile Include="NetInterface.cpp">
      <Filter>Source Files</Filter>
    </ClCompile>
    <ClCompile Include="NetworkSession.cpp">
      <Filter>Source Files</Filter>
    </ClCompile>
    <ClCompile Include="Observer.cpp">
      <Filter>Source Files</Filter>
    </ClCompile>
    <ClCompile Include="StdAfx.cpp">
      <Filter>Source Files</Filter>
    </ClCompile>
    <ClCompile Include="TrackDownloadDialog.cpp">
      <Filter>Source Files</Filter>
    </ClCompile>
    <ClCompile Include="TrackSelect.cpp">
      <Filter>Source Files</Filter>
    </ClCompile>
    <ClCompile Include="RoomList.cpp">
      <Filter>Source Files</Filter>
    </ClCompile>
    <ClCompile Include="RoomListDialog.cpp">
      <Filter>Source Files</Filter>
    </ClCompile>
    <ClCompile Include="SelectRoomDialog.cpp">
      <Filter>Source Files</Filter>
    </ClCompile>
  </ItemGroup>
  <ItemGroup>
    <ResourceCompile Include="Game2.rc">
      <Filter>Source Files</Filter>
    </ResourceCompile>
  </ItemGroup>
  <ItemGroup>
    <ClInclude Include="Banner.h">
      <Filter>Header Files</Filter>
    </ClInclude>
    <ClInclude Include="ClientSession.h">
      <Filter>Header Files</Filter>
    </ClInclude>
    <ClInclude Include="CommonDialog.h">
      <Filter>Header Files</Filter>
    </ClInclude>
    <ClInclude Include="GameApp.h">
      <Filter>Header Files</Filter>
    </ClInclude>
    <ClInclude Include="InternetRoom.h">
      <Filter>Header Files</Filter>
    </ClInclude>
    <ClInclude Include="MatchReport.h">
      <Filter>Header Files</Filter>
    </ClInclude>
    <ClInclude Include="NetInterface.h">
      <Filter>Header Files</Filter>
    </ClInclude>
    <ClInclude Include="NetworkSession.h">
      <Filter>Header Files</Filter>
    </ClInclude>
    <ClInclude Include="Observer.h">
      <Filter>Header Files</Filter>
    </ClInclude>
    <ClInclude Include="Security.h">
      <Filter>Header Files</Filter>
    </ClInclude>
    <ClInclude Include="StdAfx.h">
      <Filter>Header Files</Filter>
    </ClInclude>
    <ClInclude Include="TrackDownloadDialog.h">
      <Filter>Header Files</Filter>
    </ClInclude>
    <ClInclude Include="TrackSelect.h">
      <Filter>Header Files</Filter>
    </ClInclude>
    <ClInclude Include="resource.h" />
    <ClInclude Include="RoomListDialog.h" />
    <ClInclude Include="RoomList.h" />
    <ClInclude Include="SelectRoomDialog.h" />
  </ItemGroup>
  <ItemGroup>
    <None Include="About.bmp" />
    <None Include="icon3.ico" />
    <None Include="intro1.bmp" />
    <None Include="warning.ico" />
  </ItemGroup>
  <ItemGroup>
    <Manifest Include="Game2.exe.manifest" />
  </ItemGroup>
  <ItemGroup>
    <CustomBuild Include="..\..\lib\libcurl.dll">
      <Filter>Dist</Filter>
    </CustomBuild>
    <CustomBuild Include="..\..\lib\LiteUnzip.dll">
      <Filter>Dist</Filter>
    </CustomBuild>
    <CustomBuild Include="..\..\lib\zlib1.dll">
      <Filter>Dist</Filter>
    </CustomBuild>
  </ItemGroup>
</Project>