<?xml version="1.0" encoding="utf-8"?>
<Project ToolsVersion="4.0" xmlns="http://schemas.microsoft.com/developer/msbuild/2003">
  <ItemGroup>
    <Filter Include="Source Files">
      <UniqueIdentifier>{503e0af4-23d4-4a71-bc29-a2de2e0afd58}</UniqueIdentifier>
      <Extensions>cpp;c;cxx;rc;def;r;odl;hpj;bat;for;f90</Extensions>
    </Filter>
    <Filter Include="Header Files">
      <UniqueIdentifier>{ee682d2b-d5c6-48bd-b7a5-e47e05c68d96}</UniqueIdentifier>
    </Filter>
  </ItemGroup>
  <ItemGroup>
    <ClCompile Include="BallElement.cpp">
      <Filter>Source Files</Filter>
    </ClCompile>
    <ClCompile Include="BumperGate.cpp">
      <Filter>Source Files</Filter>
    </ClCompile>
    <ClCompile Include="DefaultSurface.cpp">
      <Filter>Source Files</Filter>
    </ClCompile>
    <ClCompile Include="DoubleSpeedSource.cpp">
      <Filter>Source Files</Filter>
    </ClCompile>
    <ClCompile Include="FinishLine.cpp">
      <Filter>Source Files</Filter>
    </ClCompile>
    <ClCompile Include="FuelSource.cpp">
      <Filter>Source Files</Filter>
    </ClCompile>
    <ClCompile Include="GenericRenderer.cpp">
      <Filter>Source Files</Filter>
    </ClCompile>
    <ClCompile Include="HoverRender.cpp">
      <Filter>Source Files</Filter>
    </ClCompile>
    <ClCompile Include="main.cpp">
      <Filter>Source Files</Filter>
    </ClCompile>
    <ClCompile Include="Mine.cpp">
      <Filter>Source Files</Filter>
    </ClCompile>
    <ClCompile Include="Missile.cpp">
      <Filter>Source Files</Filter>
    </ClCompile>
    <ClCompile Include="PowerUp.cpp">
      <Filter>Source Files</Filter>
    </ClCompile>
    <ClCompile Include="StdAfx.cpp">
      <Filter>Source Files</Filter>
    </ClCompile>
    <ClCompile Include="TestElement.cpp">
      <Filter>Source Files</Filter>
    </ClCompile>
    <ClCompile Include="WoodSurface.cpp">
      <Filter>Source Files</Filter>
    </ClCompile>
  </ItemGroup>
  <ItemGroup>
    <ClInclude Include="BallElement.h">
      <Filter>Header Files</Filter>
    </ClInclude>
    <ClInclude Include="BumperGate.h">
      <Filter>Header Files</Filter>
    </ClInclude>
    <ClInclude Include="DefaultSurface.h">
      <Filter>Header Files</Filter>
    </ClInclude>
    <ClInclude Include="DoubleSpeedSource.h">
      <Filter>Header Files</Filter>
    </ClInclude>
    <ClInclude Include="FinishLine.h">
      <Filter>Header Files</Filter>
    </ClInclude>
    <ClInclude Include="FuelSource.h">
      <Filter>Header Files</Filter>
    </ClInclude>
    <ClInclude Include="gate.h">
      <Filter>Header Files</Filter>
    </ClInclude>
    <ClInclude Include="GenericRenderer.h">
      <Filter>Header Files</Filter>
    </ClInclude>
    <ClInclude Include="HoverRender.h">
      <Filter>Header Files</Filter>
    </ClInclude>
    <ClInclude Include="Mine.h">
      <Filter>Header Files</Filter>
    </ClInclude>
    <ClInclude Include="Missile.h">
      <Filter>Header Files</Filter>
    </ClInclude>
    <ClInclude Include="ObjFac1Res.h">
      <Filter>Header Files</Filter>
    </ClInclude>
    <ClInclude Include="PowerUp.h">
      <Filter>Header Files</Filter>
    </ClInclude>
    <ClInclude Include="StdAfx.h">
      <Filter>Header Files</Filter>
    </ClInclude>
    <ClInclude Include="TestElement.h">
      <Filter>Header Files</Filter>
    </ClInclude>
    <ClInclude Include="WoodSurface.h">
      <Filter>Header Files</Filter>
    </ClInclude>
  </ItemGroup>
  <ItemGroup>
    <None Include="ObjFac1.fbres" />
  </ItemGroup>
</Project>