<?xml version="1.0" encoding="utf-8"?>
<Project ToolsVersion="4.0" xmlns="http://schemas.microsoft.com/developer/msbuild/2003">
  <ItemGroup>
    <Filter Include="Source Files">
      <UniqueIdentifier>{4fc6ba0f-a900-4cc4-9266-75d3f34379bf}</UniqueIdentifier>
      <Extensions>cpp;c;cxx;rc;def;r;odl;hpj;bat;for;f90</Extensions>
    </Filter>
    <Filter Include="Header Files">
      <UniqueIdentifier>{40ceee0b-ab86-40c8-8ee3-825940762256}</UniqueIdentifier>
    </Filter>
  </ItemGroup>
  <ItemGroup>
    <ClCompile Include="BitmapHelper.cpp">
      <Filter>Source Files</Filter>
    </ClCompile>
    <ClCompile Include="ResActorBuilder.cpp">
      <Filter>Source Files</Filter>
    </ClCompile>
    <ClCompile Include="ResBitmapBuilder.cpp">
      <Filter>Source Files</Filter>
    </ClCompile>
    <ClCompile Include="ResourceCompiler.cpp">
      <Filter>Source Files</Filter>
    </ClCompile>
    <ClCompile Include="ResourceLibBuilder.cpp">
      <Filter>Source Files</Filter>
    </ClCompile>
    <ClCompile Include="ResSoundBuilder.cpp">
      <Filter>Source Files</Filter>
    </ClCompile>
    <ClCompile Include="ResSpriteBuilder.cpp">
      <Filter>Source Files</Filter>
    </ClCompile>
    <ClCompile Include="StdAfx.cpp">
      <Filter>Source Files</Filter>
    </ClCompile>
    <ClCompile Include="TextParsing.cpp">
      <Filter>Source Files</Filter>
    </ClCompile>
  </ItemGroup>
  <ItemGroup>
    <ClInclude Include="BitmapHelper.h">
      <Filter>Header Files</Filter>
    </ClInclude>
    <ClInclude Include="ResActorBuilder.h">
      <Filter>Header Files</Filter>
    </ClInclude>
    <ClInclude Include="ResBitmapBuilder.h">
      <Filter>Header Files</Filter>
    </ClInclude>
    <ClInclude Include="ResourceLibBuilder.h">
      <Filter>Header Files</Filter>
    </ClInclude>
    <ClInclude Include="ResSoundBuilder.h">
      <Filter>Header Files</Filter>
    </ClInclude>
    <ClInclude Include="ResSpriteBuilder.h">
      <Filter>Header Files</Filter>
    </ClInclude>
    <ClInclude Include="StdAfx.h">
      <Filter>Header Files</Filter>
    </ClInclude>
    <ClInclude Include="TextParsing.h">
      <Filter>Header Files</Filter>
    </ClInclude>
  </ItemGroup>
</Project>