<?xml version="1.0" encoding="utf-8"?>
<Project ToolsVersion="4.0" xmlns="http://schemas.microsoft.com/developer/msbuild/2003">
  <ItemGroup>
    <Filter Include="Parcel">
      <UniqueIdentifier>{55e42095-7a89-4ee2-809d-eec2af93af2c}</UniqueIdentifier>
    </Filter>
    <Filter Include="Main">
      <UniqueIdentifier>{1728b2c0-f825-452c-a01f-61614dfbbac6}</UniqueIdentifier>
    </Filter>
    <Filter Include="Builders">
      <UniqueIdentifier>{94d32188-cfc8-4e8d-b4be-1a3802357e36}</UniqueIdentifier>
    </Filter>
  </ItemGroup>
  <ItemGroup>
    <ClCompile Include="MfcObjStream.cpp">
      <Filter>Parcel</Filter>
    </ClCompile>
    <ClCompile Include="MfcRecordFile.cpp">
      <Filter>Parcel</Filter>
    </ClCompile>
    <ClCompile Include="StdAfx.cpp">
      <Filter>Main</Filter>
    </ClCompile>
    <ClCompile Include="ResourceCompiler.cpp">
      <Filter>Main</Filter>
    </ClCompile>
    <ClCompile Include="TextParsing.cpp">
      <Filter>Main</Filter>
    </ClCompile>
    <ClCompile Include="BitmapHelper.cpp">
      <Filter>Builders</Filter>
    </ClCompile>
    <ClCompile Include="ResSpriteBuilder.cpp">
      <Filter>Builders</Filter>
    </ClCompile>
    <ClCompile Include="ResActorBuilder.cpp">
      <Filter>Builders</Filter>
    </ClCompile>
    <ClCompile Include="ResBitmapBuilder.cpp">
      <Filter>Builders</Filter>
    </ClCompile>
    <ClCompile Include="ResourceLibBuilder.cpp">
      <Filter>Builders</Filter>
    </ClCompile>
    <ClCompile Include="ResSoundBuilder.cpp">
      <Filter>Builders</Filter>
    </ClCompile>
  </ItemGroup>
  <ItemGroup>
    <ClInclude Include="MfcObjStream.h">
      <Filter>Parcel</Filter>
    </ClInclude>
    <ClInclude Include="MfcRecordFile.h">
      <Filter>Parcel</Filter>
    </ClInclude>
    <ClInclude Include="StdAfx.h">
      <Filter>Main</Filter>
    </ClInclude>
    <ClInclude Include="TextParsing.h">
      <Filter>Main</Filter>
    </ClInclude>
    <ClInclude Include="BitmapHelper.h">
      <Filter>Builders</Filter>
    </ClInclude>
    <ClInclude Include="ResSpriteBuilder.h">
      <Filter>Builders</Filter>
    </ClInclude>
    <ClInclude Include="ResActorBuilder.h">
      <Filter>Builders</Filter>
    </ClInclude>
    <ClInclude Include="ResBitmapBuilder.h">
      <Filter>Builders</Filter>
    </ClInclude>
    <ClInclude Include="ResourceLibBuilder.h">
      <Filter>Builders</Filter>
    </ClInclude>
    <ClInclude Include="ResSoundBuilder.h">
      <Filter>Builders</Filter>
    </ClInclude>
  </ItemGroup>
</Project>